PODS:
  - CHCSVParser (2.1.0)
  - CocoaLumberjack (2.0.3):
    - CocoaLumberjack/Default (= 2.0.3)
    - CocoaLumberjack/Extensions (= 2.0.3)
  - CocoaLumberjack/Core (2.0.3)
  - CocoaLumberjack/Default (2.0.3):
    - CocoaLumberjack/Core
  - CocoaLumberjack/Extensions (2.0.3):
    - CocoaLumberjack/Default
  - FlurrySDK (6.5.0):
    - FlurrySDK/FlurrySDK (= 6.5.0)
  - FlurrySDK/FlurrySDK (6.5.0)
  - OrderedDictionary (1.2)
  - SAMTextView (0.2.2)
  - TimesSquare (1.0.1)
  - TPKeyboardAvoiding (1.2.10)

DEPENDENCIES:
  - CHCSVParser (~> 2.1.0)
  - CocoaLumberjack (~> 2.0.3)
  - FlurrySDK (~> 6.5.0)
  - OrderedDictionary (~> 1.2)
  - SAMTextView (~> 0.2.2)
  - TimesSquare (from `https://github.com/square/objc-TimesSquare.git`, commit `5e394b17eae2016e9f3f545e7945a382f3811e8c`)
  - TPKeyboardAvoiding (~> 1.2.6)

EXTERNAL SOURCES:
  TimesSquare:
    :commit: 5e394b17eae2016e9f3f545e7945a382f3811e8c
    :git: https://github.com/square/objc-TimesSquare.git

CHECKOUT OPTIONS:
  TimesSquare:
    :commit: 5e394b17eae2016e9f3f545e7945a382f3811e8c
    :git: https://github.com/square/objc-TimesSquare.git

SPEC CHECKSUMS:
  CHCSVParser: 3bcc7bdb72111a31222e95d57eacceefe4e537e8
  CocoaLumberjack: f58d8a19629f4d8379ae14bb3534def24161430e
  FlurrySDK: 820acaa95f7ec08797517720714783928d3e386b
  OrderedDictionary: 9cc5d69c5c5314ad696ed1839190724e83d534c7
  SAMTextView: 979c43bb1fa5859ddfbfeb35e9c296a2b0ec55fd
  TimesSquare: 123dd6b3610a21123fdc33b85fab962e0efac936
  TPKeyboardAvoiding: 614ebec846ec28b83d548769297fa5fb56468904

COCOAPODS: 0.39.0
