// !$*UTF8*$!
{
	archiveVersion = 1;
	classes = {
	};
	objectVersion = 46;
	objects = {

/* Begin PBXBuildFile section */
		431535431770A1D600B5D825 /* GraduationView.m in Sources */ = {isa = PBXBuildFile; fileRef = 431535421770A1D600B5D825 /* GraduationView.m */; };
		431535441770A1D600B5D825 /* GraduationView.m in Sources */ = {isa = PBXBuildFile; fileRef = 431535421770A1D600B5D825 /* GraduationView.m */; };
		431535491773060800B5D825 /* SlotInterval.m in Sources */ = {isa = PBXBuildFile; fileRef = 431535481773060700B5D825 /* SlotInterval.m */; };
		4315354A1773060800B5D825 /* SlotInterval.m in Sources */ = {isa = PBXBuildFile; fileRef = 431535481773060700B5D825 /* SlotInterval.m */; };
		4315354D17735D0100B5D825 /* NewActivityController.m in Sources */ = {isa = PBXBuildFile; fileRef = 4315354C17735D0100B5D825 /* NewActivityController.m */; };
		4315354E17735D0100B5D825 /* NewActivityController.m in Sources */ = {isa = PBXBuildFile; fileRef = 4315354C17735D0100B5D825 /* NewActivityController.m */; };
		4315355117738F5D00B5D825 /* TimeUtils.m in Sources */ = {isa = PBXBuildFile; fileRef = 4315355017738F5D00B5D825 /* TimeUtils.m */; };
		4315355217738F5D00B5D825 /* TimeUtils.m in Sources */ = {isa = PBXBuildFile; fileRef = 4315355017738F5D00B5D825 /* TimeUtils.m */; };
		431535561773936000B5D825 /* CoreDataWrapper.m in Sources */ = {isa = PBXBuildFile; fileRef = 431535551773936000B5D825 /* CoreDataWrapper.m */; };
		431535571773936000B5D825 /* CoreDataWrapper.m in Sources */ = {isa = PBXBuildFile; fileRef = 431535551773936000B5D825 /* CoreDataWrapper.m */; };
		4323D45B176EF79500A083AB /* Foundation.framework in Frameworks */ = {isa = PBXBuildFile; fileRef = 4323D45A176EF79500A083AB /* Foundation.framework */; };
		4323D45D176EF79500A083AB /* CoreGraphics.framework in Frameworks */ = {isa = PBXBuildFile; fileRef = 4323D45C176EF79500A083AB /* CoreGraphics.framework */; };
		4323D45F176EF79500A083AB /* UIKit.framework in Frameworks */ = {isa = PBXBuildFile; fileRef = 4323D45E176EF79500A083AB /* UIKit.framework */; };
		4323D465176EF79500A083AB /* InfoPlist.strings in Resources */ = {isa = PBXBuildFile; fileRef = 4323D463176EF79500A083AB /* InfoPlist.strings */; };
		4323D467176EF79500A083AB /* main.m in Sources */ = {isa = PBXBuildFile; fileRef = 4323D466176EF79500A083AB /* main.m */; };
		4323D46B176EF79500A083AB /* AppDelegate.m in Sources */ = {isa = PBXBuildFile; fileRef = 4323D46A176EF79500A083AB /* AppDelegate.m */; };
		4323D46E176EF79500A083AB /* Main.storyboard in Resources */ = {isa = PBXBuildFile; fileRef = 4323D46C176EF79500A083AB /* Main.storyboard */; };
		4323D476176EF79500A083AB /* Images.xcassets in Resources */ = {isa = PBXBuildFile; fileRef = 4323D475176EF79500A083AB /* Images.xcassets */; };
		4323D47D176EF79500A083AB /* XCTest.framework in Frameworks */ = {isa = PBXBuildFile; fileRef = 4323D47C176EF79500A083AB /* XCTest.framework */; };
		4323D47E176EF79500A083AB /* Foundation.framework in Frameworks */ = {isa = PBXBuildFile; fileRef = 4323D45A176EF79500A083AB /* Foundation.framework */; };
		4323D47F176EF79500A083AB /* UIKit.framework in Frameworks */ = {isa = PBXBuildFile; fileRef = 4323D45E176EF79500A083AB /* UIKit.framework */; };
		4323D487176EF79500A083AB /* InfoPlist.strings in Resources */ = {isa = PBXBuildFile; fileRef = 4323D485176EF79500A083AB /* InfoPlist.strings */; };
		4323D489176EF79500A083AB /* TimeWarpTests.m in Sources */ = {isa = PBXBuildFile; fileRef = 4323D488176EF79500A083AB /* TimeWarpTests.m */; };
		4323D498176F04BE00A083AB /* ProjectListController.m in Sources */ = {isa = PBXBuildFile; fileRef = 4323D497176F04BE00A083AB /* ProjectListController.m */; };
		4323D499176F04BE00A083AB /* ProjectListController.m in Sources */ = {isa = PBXBuildFile; fileRef = 4323D497176F04BE00A083AB /* ProjectListController.m */; };
		4323D49B176F078400A083AB /* CoreData.framework in Frameworks */ = {isa = PBXBuildFile; fileRef = 4323D49A176F078400A083AB /* CoreData.framework */; };
		4323D4AC176F0B0000A083AB /* TimeSlot.m in Sources */ = {isa = PBXBuildFile; fileRef = 4323D4AB176F0B0000A083AB /* TimeSlot.m */; };
		4323D4AD176F0B0000A083AB /* TimeSlot.m in Sources */ = {isa = PBXBuildFile; fileRef = 4323D4AB176F0B0000A083AB /* TimeSlot.m */; };
		4323D4B0176F0B0100A083AB /* Project.m in Sources */ = {isa = PBXBuildFile; fileRef = 4323D4AF176F0B0100A083AB /* Project.m */; };
		4323D4B1176F0B0100A083AB /* Project.m in Sources */ = {isa = PBXBuildFile; fileRef = 4323D4AF176F0B0100A083AB /* Project.m */; };
		4323D4B4176F0B0100A083AB /* Activity.m in Sources */ = {isa = PBXBuildFile; fileRef = 4323D4B3176F0B0100A083AB /* Activity.m */; };
		4323D4B5176F0B0100A083AB /* Activity.m in Sources */ = {isa = PBXBuildFile; fileRef = 4323D4B3176F0B0100A083AB /* Activity.m */; };
		432B79D117CFF3CD00041A7D /* DTCustomColoredAccessory.m in Sources */ = {isa = PBXBuildFile; fileRef = 432B79D017CFF3CD00041A7D /* DTCustomColoredAccessory.m */; };
		43395AF517CF74A900F04CB2 /* TSQCalendarCell.m in Sources */ = {isa = PBXBuildFile; fileRef = 43395AEE17CF74A900F04CB2 /* TSQCalendarCell.m */; };
		43395AF617CF74A900F04CB2 /* TSQCalendarMonthHeaderCell.m in Sources */ = {isa = PBXBuildFile; fileRef = 43395AF017CF74A900F04CB2 /* TSQCalendarMonthHeaderCell.m */; };
		43395AF717CF74A900F04CB2 /* TSQCalendarRowCell.m in Sources */ = {isa = PBXBuildFile; fileRef = 43395AF217CF74A900F04CB2 /* TSQCalendarRowCell.m */; };
		43395AF817CF74A900F04CB2 /* TSQCalendarView.m in Sources */ = {isa = PBXBuildFile; fileRef = 43395AF417CF74A900F04CB2 /* TSQCalendarView.m */; };
		4345FA3D176F31FE002BBDB0 /* AddProjectController.m in Sources */ = {isa = PBXBuildFile; fileRef = 4323D4B7176F0E6100A083AB /* AddProjectController.m */; };
		4345FA3E176F31FF002BBDB0 /* AddProjectController.m in Sources */ = {isa = PBXBuildFile; fileRef = 4323D4B7176F0E6100A083AB /* AddProjectController.m */; };
		4345FA41176F3FFA002BBDB0 /* TimeWarp.xcdatamodel in Sources */ = {isa = PBXBuildFile; fileRef = 4345FA40176F3FFA002BBDB0 /* TimeWarp.xcdatamodel */; };
		4345FA42176F3FFA002BBDB0 /* TimeWarp.xcdatamodel in Sources */ = {isa = PBXBuildFile; fileRef = 4345FA40176F3FFA002BBDB0 /* TimeWarp.xcdatamodel */; };
		43627711183C073A00825199 /* TPKeyboardAvoidingCollectionView.m in Sources */ = {isa = PBXBuildFile; fileRef = 4362770A183C073A00825199 /* TPKeyboardAvoidingCollectionView.m */; };
		43627712183C073A00825199 /* TPKeyboardAvoidingScrollView.m in Sources */ = {isa = PBXBuildFile; fileRef = 4362770C183C073A00825199 /* TPKeyboardAvoidingScrollView.m */; };
		43627713183C073A00825199 /* TPKeyboardAvoidingTableView.m in Sources */ = {isa = PBXBuildFile; fileRef = 4362770E183C073A00825199 /* TPKeyboardAvoidingTableView.m */; };
		43627714183C073A00825199 /* UIScrollView+TPKeyboardAvoidingAdditions.m in Sources */ = {isa = PBXBuildFile; fileRef = 43627710183C073A00825199 /* UIScrollView+TPKeyboardAvoidingAdditions.m */; };
		4362771C183C122300825199 /* libTestFlight.a in Frameworks */ = {isa = PBXBuildFile; fileRef = 43627716183C122300825199 /* libTestFlight.a */; };
		4362771D183C122300825199 /* README.md in Resources */ = {isa = PBXBuildFile; fileRef = 43627717183C122300825199 /* README.md */; };
		4362771E183C122300825199 /* release_notes.md in Resources */ = {isa = PBXBuildFile; fileRef = 43627718183C122300825199 /* release_notes.md */; };
		43627720183D5E6E00825199 /* libz.dylib in Frameworks */ = {isa = PBXBuildFile; fileRef = 4362771F183D5E6E00825199 /* libz.dylib */; };
		4379431D176F706D00188F99 /* Entitlements.plist in Resources */ = {isa = PBXBuildFile; fileRef = 4379431C176F706D00188F99 /* Entitlements.plist */; };
		437943201770384600188F99 /* CurrentListController.m in Sources */ = {isa = PBXBuildFile; fileRef = 4379431F1770384600188F99 /* CurrentListController.m */; };
		437943211770384600188F99 /* CurrentListController.m in Sources */ = {isa = PBXBuildFile; fileRef = 4379431F1770384600188F99 /* CurrentListController.m */; };
		4379432517705E1400188F99 /* SelectTimeController.m in Sources */ = {isa = PBXBuildFile; fileRef = 4379432417705E1400188F99 /* SelectTimeController.m */; };
		4379432617705E1400188F99 /* SelectTimeController.m in Sources */ = {isa = PBXBuildFile; fileRef = 4379432417705E1400188F99 /* SelectTimeController.m */; };
		43BAFD6F17CF89C700B6A4FC /* SelectDayController.m in Sources */ = {isa = PBXBuildFile; fileRef = 43BAFD6E17CF89C700B6A4FC /* SelectDayController.m */; };
		43C6E41017E1BD7B004A953A /* UITextFieldWithInset.m in Sources */ = {isa = PBXBuildFile; fileRef = 43C6E40F17E1BD7B004A953A /* UITextFieldWithInset.m */; };
		43DDFE3017E24F940037F9E0 /* UIUtils.m in Sources */ = {isa = PBXBuildFile; fileRef = 43DDFE2F17E24F940037F9E0 /* UIUtils.m */; };
		43E6027117821A8500EAA813 /* OverviewController.m in Sources */ = {isa = PBXBuildFile; fileRef = 43E6027017821A8500EAA813 /* OverviewController.m */; };
		43E6027217821A8500EAA813 /* OverviewController.m in Sources */ = {isa = PBXBuildFile; fileRef = 43E6027017821A8500EAA813 /* OverviewController.m */; };
		43E70430178DBF5B00CB5AA2 /* CHCSVParser.m in Sources */ = {isa = PBXBuildFile; fileRef = 43E7042F178DBF5B00CB5AA2 /* CHCSVParser.m */; };
		43E70431178DBF5B00CB5AA2 /* CHCSVParser.m in Sources */ = {isa = PBXBuildFile; fileRef = 43E7042F178DBF5B00CB5AA2 /* CHCSVParser.m */; };
		43E70435178DC2F000CB5AA2 /* MailComposeHandler.m in Sources */ = {isa = PBXBuildFile; fileRef = 43E70433178DC2F000CB5AA2 /* MailComposeHandler.m */; };
		43E70436178DC2F000CB5AA2 /* MailComposeHandler.m in Sources */ = {isa = PBXBuildFile; fileRef = 43E70433178DC2F000CB5AA2 /* MailComposeHandler.m */; };
		43FECC2217D0823E003179B6 /* UIConstants.m in Sources */ = {isa = PBXBuildFile; fileRef = 43FECC2117D0823E003179B6 /* UIConstants.m */; };
		43FECC2417D08525003179B6 /* QuartzCore.framework in Frameworks */ = {isa = PBXBuildFile; fileRef = 43FECC2317D08525003179B6 /* QuartzCore.framework */; };
/* End PBXBuildFile section */

/* Begin PBXContainerItemProxy section */
		4323D480176EF79500A083AB /* PBXContainerItemProxy */ = {
			isa = PBXContainerItemProxy;
			containerPortal = 4323D44F176EF79500A083AB /* Project object */;
			proxyType = 1;
			remoteGlobalIDString = 4323D456176EF79500A083AB;
			remoteInfo = TimeWarp;
		};
/* End PBXContainerItemProxy section */

/* Begin PBXFileReference section */
		431535411770A1D600B5D825 /* GraduationView.h */ = {isa = PBXFileReference; fileEncoding = 4; lastKnownFileType = sourcecode.c.h; path = GraduationView.h; sourceTree = "<group>"; };
		431535421770A1D600B5D825 /* GraduationView.m */ = {isa = PBXFileReference; fileEncoding = 4; lastKnownFileType = sourcecode.c.objc; path = GraduationView.m; sourceTree = "<group>"; };
		431535461770A62800B5D825 /* GeometryConstants.h */ = {isa = PBXFileReference; fileEncoding = 4; lastKnownFileType = sourcecode.c.h; path = GeometryConstants.h; sourceTree = "<group>"; };
		431535471773060700B5D825 /* SlotInterval.h */ = {isa = PBXFileReference; fileEncoding = 4; lastKnownFileType = sourcecode.c.h; path = SlotInterval.h; sourceTree = "<group>"; };
		431535481773060700B5D825 /* SlotInterval.m */ = {isa = PBXFileReference; fileEncoding = 4; lastKnownFileType = sourcecode.c.objc; path = SlotInterval.m; sourceTree = "<group>"; };
		4315354B17735D0100B5D825 /* NewActivityController.h */ = {isa = PBXFileReference; fileEncoding = 4; lastKnownFileType = sourcecode.c.h; path = NewActivityController.h; sourceTree = "<group>"; };
		4315354C17735D0100B5D825 /* NewActivityController.m */ = {isa = PBXFileReference; fileEncoding = 4; lastKnownFileType = sourcecode.c.objc; path = NewActivityController.m; sourceTree = "<group>"; };
		4315354F17738F5D00B5D825 /* TimeUtils.h */ = {isa = PBXFileReference; fileEncoding = 4; lastKnownFileType = sourcecode.c.h; path = TimeUtils.h; sourceTree = "<group>"; };
		4315355017738F5D00B5D825 /* TimeUtils.m */ = {isa = PBXFileReference; fileEncoding = 4; lastKnownFileType = sourcecode.c.objc; path = TimeUtils.m; sourceTree = "<group>"; };
		431535541773936000B5D825 /* CoreDataWrapper.h */ = {isa = PBXFileReference; fileEncoding = 4; lastKnownFileType = sourcecode.c.h; path = CoreDataWrapper.h; sourceTree = "<group>"; };
		431535551773936000B5D825 /* CoreDataWrapper.m */ = {isa = PBXFileReference; fileEncoding = 4; lastKnownFileType = sourcecode.c.objc; path = CoreDataWrapper.m; sourceTree = "<group>"; };
		4323D457176EF79500A083AB /* TimeCurl.app */ = {isa = PBXFileReference; explicitFileType = wrapper.application; includeInIndex = 0; path = TimeCurl.app; sourceTree = BUILT_PRODUCTS_DIR; };
		4323D45A176EF79500A083AB /* Foundation.framework */ = {isa = PBXFileReference; lastKnownFileType = wrapper.framework; name = Foundation.framework; path = System/Library/Frameworks/Foundation.framework; sourceTree = SDKROOT; };
		4323D45C176EF79500A083AB /* CoreGraphics.framework */ = {isa = PBXFileReference; lastKnownFileType = wrapper.framework; name = CoreGraphics.framework; path = System/Library/Frameworks/CoreGraphics.framework; sourceTree = SDKROOT; };
		4323D45E176EF79500A083AB /* UIKit.framework */ = {isa = PBXFileReference; lastKnownFileType = wrapper.framework; name = UIKit.framework; path = System/Library/Frameworks/UIKit.framework; sourceTree = SDKROOT; };
		4323D462176EF79500A083AB /* TimeWarp-Info.plist */ = {isa = PBXFileReference; lastKnownFileType = text.plist.xml; path = "TimeWarp-Info.plist"; sourceTree = "<group>"; };
		4323D464176EF79500A083AB /* en */ = {isa = PBXFileReference; lastKnownFileType = text.plist.strings; name = en; path = en.lproj/InfoPlist.strings; sourceTree = "<group>"; };
		4323D466176EF79500A083AB /* main.m */ = {isa = PBXFileReference; lastKnownFileType = sourcecode.c.objc; path = main.m; sourceTree = "<group>"; };
		4323D468176EF79500A083AB /* TimeWarp-Prefix.pch */ = {isa = PBXFileReference; lastKnownFileType = sourcecode.c.h; path = "TimeWarp-Prefix.pch"; sourceTree = "<group>"; };
		4323D469176EF79500A083AB /* AppDelegate.h */ = {isa = PBXFileReference; lastKnownFileType = sourcecode.c.h; path = AppDelegate.h; sourceTree = "<group>"; };
		4323D46A176EF79500A083AB /* AppDelegate.m */ = {isa = PBXFileReference; lastKnownFileType = sourcecode.c.objc; path = AppDelegate.m; sourceTree = "<group>"; };
		4323D46D176EF79500A083AB /* Base */ = {isa = PBXFileReference; lastKnownFileType = file.storyboard; name = Base; path = Base.lproj/Main.storyboard; sourceTree = "<group>"; };
		4323D475176EF79500A083AB /* Images.xcassets */ = {isa = PBXFileReference; lastKnownFileType = folder.assetcatalog; path = Images.xcassets; sourceTree = "<group>"; };
		4323D47B176EF79500A083AB /* TimeWarpTests.xctest */ = {isa = PBXFileReference; explicitFileType = wrapper.cfbundle; includeInIndex = 0; path = TimeWarpTests.xctest; sourceTree = BUILT_PRODUCTS_DIR; };
		4323D47C176EF79500A083AB /* XCTest.framework */ = {isa = PBXFileReference; lastKnownFileType = wrapper.framework; name = XCTest.framework; path = Library/Frameworks/XCTest.framework; sourceTree = DEVELOPER_DIR; };
		4323D484176EF79500A083AB /* TimeWarpTests-Info.plist */ = {isa = PBXFileReference; lastKnownFileType = text.plist.xml; path = "TimeWarpTests-Info.plist"; sourceTree = "<group>"; };
		4323D486176EF79500A083AB /* en */ = {isa = PBXFileReference; lastKnownFileType = text.plist.strings; name = en; path = en.lproj/InfoPlist.strings; sourceTree = "<group>"; };
		4323D488176EF79500A083AB /* TimeWarpTests.m */ = {isa = PBXFileReference; lastKnownFileType = sourcecode.c.objc; path = TimeWarpTests.m; sourceTree = "<group>"; };
		4323D496176F04BE00A083AB /* ProjectListController.h */ = {isa = PBXFileReference; fileEncoding = 4; lastKnownFileType = sourcecode.c.h; path = ProjectListController.h; sourceTree = "<group>"; };
		4323D497176F04BE00A083AB /* ProjectListController.m */ = {isa = PBXFileReference; fileEncoding = 4; lastKnownFileType = sourcecode.c.objc; path = ProjectListController.m; sourceTree = "<group>"; };
		4323D49A176F078400A083AB /* CoreData.framework */ = {isa = PBXFileReference; lastKnownFileType = wrapper.framework; name = CoreData.framework; path = System/Library/Frameworks/CoreData.framework; sourceTree = SDKROOT; };
		4323D4AA176F0B0000A083AB /* TimeSlot.h */ = {isa = PBXFileReference; fileEncoding = 4; lastKnownFileType = sourcecode.c.h; path = TimeSlot.h; sourceTree = "<group>"; };
		4323D4AB176F0B0000A083AB /* TimeSlot.m */ = {isa = PBXFileReference; fileEncoding = 4; lastKnownFileType = sourcecode.c.objc; path = TimeSlot.m; sourceTree = "<group>"; };
		4323D4AE176F0B0100A083AB /* Project.h */ = {isa = PBXFileReference; fileEncoding = 4; lastKnownFileType = sourcecode.c.h; path = Project.h; sourceTree = "<group>"; };
		4323D4AF176F0B0100A083AB /* Project.m */ = {isa = PBXFileReference; fileEncoding = 4; lastKnownFileType = sourcecode.c.objc; path = Project.m; sourceTree = "<group>"; };
		4323D4B2176F0B0100A083AB /* Activity.h */ = {isa = PBXFileReference; fileEncoding = 4; lastKnownFileType = sourcecode.c.h; path = Activity.h; sourceTree = "<group>"; };
		4323D4B3176F0B0100A083AB /* Activity.m */ = {isa = PBXFileReference; fileEncoding = 4; lastKnownFileType = sourcecode.c.objc; path = Activity.m; sourceTree = "<group>"; };
		4323D4B6176F0E6100A083AB /* AddProjectController.h */ = {isa = PBXFileReference; lastKnownFileType = sourcecode.c.h; path = AddProjectController.h; sourceTree = "<group>"; };
		4323D4B7176F0E6100A083AB /* AddProjectController.m */ = {isa = PBXFileReference; lastKnownFileType = sourcecode.c.objc; path = AddProjectController.m; sourceTree = "<group>"; };
		4326CE11179E7D820053F781 /* StoreChangeDelegate.h */ = {isa = PBXFileReference; fileEncoding = 4; lastKnownFileType = sourcecode.c.h; path = StoreChangeDelegate.h; sourceTree = "<group>"; };
		432B79CF17CFF3CD00041A7D /* DTCustomColoredAccessory.h */ = {isa = PBXFileReference; fileEncoding = 4; lastKnownFileType = sourcecode.c.h; path = DTCustomColoredAccessory.h; sourceTree = "<group>"; };
		432B79D017CFF3CD00041A7D /* DTCustomColoredAccessory.m */ = {isa = PBXFileReference; fileEncoding = 4; lastKnownFileType = sourcecode.c.objc; path = DTCustomColoredAccessory.m; sourceTree = "<group>"; };
		43395AEB17CF74A900F04CB2 /* TimesSquare-Prefix.pch */ = {isa = PBXFileReference; fileEncoding = 4; lastKnownFileType = sourcecode.c.h; path = "TimesSquare-Prefix.pch"; sourceTree = "<group>"; };
		43395AEC17CF74A900F04CB2 /* TimesSquare.h */ = {isa = PBXFileReference; fileEncoding = 4; lastKnownFileType = sourcecode.c.h; path = TimesSquare.h; sourceTree = "<group>"; };
		43395AED17CF74A900F04CB2 /* TSQCalendarCell.h */ = {isa = PBXFileReference; fileEncoding = 4; lastKnownFileType = sourcecode.c.h; path = TSQCalendarCell.h; sourceTree = "<group>"; };
		43395AEE17CF74A900F04CB2 /* TSQCalendarCell.m */ = {isa = PBXFileReference; fileEncoding = 4; lastKnownFileType = sourcecode.c.objc; path = TSQCalendarCell.m; sourceTree = "<group>"; };
		43395AEF17CF74A900F04CB2 /* TSQCalendarMonthHeaderCell.h */ = {isa = PBXFileReference; fileEncoding = 4; lastKnownFileType = sourcecode.c.h; path = TSQCalendarMonthHeaderCell.h; sourceTree = "<group>"; };
		43395AF017CF74A900F04CB2 /* TSQCalendarMonthHeaderCell.m */ = {isa = PBXFileReference; fileEncoding = 4; lastKnownFileType = sourcecode.c.objc; path = TSQCalendarMonthHeaderCell.m; sourceTree = "<group>"; };
		43395AF117CF74A900F04CB2 /* TSQCalendarRowCell.h */ = {isa = PBXFileReference; fileEncoding = 4; lastKnownFileType = sourcecode.c.h; path = TSQCalendarRowCell.h; sourceTree = "<group>"; };
		43395AF217CF74A900F04CB2 /* TSQCalendarRowCell.m */ = {isa = PBXFileReference; fileEncoding = 4; lastKnownFileType = sourcecode.c.objc; path = TSQCalendarRowCell.m; sourceTree = "<group>"; };
		43395AF317CF74A900F04CB2 /* TSQCalendarView.h */ = {isa = PBXFileReference; fileEncoding = 4; lastKnownFileType = sourcecode.c.h; path = TSQCalendarView.h; sourceTree = "<group>"; };
		43395AF417CF74A900F04CB2 /* TSQCalendarView.m */ = {isa = PBXFileReference; fileEncoding = 4; lastKnownFileType = sourcecode.c.objc; path = TSQCalendarView.m; sourceTree = "<group>"; };
		4345FA40176F3FFA002BBDB0 /* TimeWarp.xcdatamodel */ = {isa = PBXFileReference; lastKnownFileType = wrapper.xcdatamodel; path = TimeWarp.xcdatamodel; sourceTree = "<group>"; };
		43627709183C073A00825199 /* TPKeyboardAvoidingCollectionView.h */ = {isa = PBXFileReference; fileEncoding = 4; lastKnownFileType = sourcecode.c.h; path = TPKeyboardAvoidingCollectionView.h; sourceTree = "<group>"; };
		4362770A183C073A00825199 /* TPKeyboardAvoidingCollectionView.m */ = {isa = PBXFileReference; fileEncoding = 4; lastKnownFileType = sourcecode.c.objc; path = TPKeyboardAvoidingCollectionView.m; sourceTree = "<group>"; };
		4362770B183C073A00825199 /* TPKeyboardAvoidingScrollView.h */ = {isa = PBXFileReference; fileEncoding = 4; lastKnownFileType = sourcecode.c.h; path = TPKeyboardAvoidingScrollView.h; sourceTree = "<group>"; };
		4362770C183C073A00825199 /* TPKeyboardAvoidingScrollView.m */ = {isa = PBXFileReference; fileEncoding = 4; lastKnownFileType = sourcecode.c.objc; path = TPKeyboardAvoidingScrollView.m; sourceTree = "<group>"; };
		4362770D183C073A00825199 /* TPKeyboardAvoidingTableView.h */ = {isa = PBXFileReference; fileEncoding = 4; lastKnownFileType = sourcecode.c.h; path = TPKeyboardAvoidingTableView.h; sourceTree = "<group>"; };
		4362770E183C073A00825199 /* TPKeyboardAvoidingTableView.m */ = {isa = PBXFileReference; fileEncoding = 4; lastKnownFileType = sourcecode.c.objc; path = TPKeyboardAvoidingTableView.m; sourceTree = "<group>"; };
		4362770F183C073A00825199 /* UIScrollView+TPKeyboardAvoidingAdditions.h */ = {isa = PBXFileReference; fileEncoding = 4; lastKnownFileType = sourcecode.c.h; path = "UIScrollView+TPKeyboardAvoidingAdditions.h"; sourceTree = "<group>"; };
		43627710183C073A00825199 /* UIScrollView+TPKeyboardAvoidingAdditions.m */ = {isa = PBXFileReference; fileEncoding = 4; lastKnownFileType = sourcecode.c.objc; path = "UIScrollView+TPKeyboardAvoidingAdditions.m"; sourceTree = "<group>"; };
		43627716183C122300825199 /* libTestFlight.a */ = {isa = PBXFileReference; lastKnownFileType = archive.ar; path = libTestFlight.a; sourceTree = "<group>"; };
		43627717183C122300825199 /* README.md */ = {isa = PBXFileReference; fileEncoding = 4; lastKnownFileType = text; path = README.md; sourceTree = "<group>"; };
		43627718183C122300825199 /* release_notes.md */ = {isa = PBXFileReference; fileEncoding = 4; lastKnownFileType = text; path = release_notes.md; sourceTree = "<group>"; };
		43627719183C122300825199 /* TestFlight+AsyncLogging.h */ = {isa = PBXFileReference; fileEncoding = 4; lastKnownFileType = sourcecode.c.h; path = "TestFlight+AsyncLogging.h"; sourceTree = "<group>"; };
		4362771A183C122300825199 /* TestFlight+ManualSessions.h */ = {isa = PBXFileReference; fileEncoding = 4; lastKnownFileType = sourcecode.c.h; path = "TestFlight+ManualSessions.h"; sourceTree = "<group>"; };
		4362771B183C122300825199 /* TestFlight.h */ = {isa = PBXFileReference; fileEncoding = 4; lastKnownFileType = sourcecode.c.h; path = TestFlight.h; sourceTree = "<group>"; };
		4362771F183D5E6E00825199 /* libz.dylib */ = {isa = PBXFileReference; lastKnownFileType = "compiled.mach-o.dylib"; name = libz.dylib; path = usr/lib/libz.dylib; sourceTree = SDKROOT; };
		4379431C176F706D00188F99 /* Entitlements.plist */ = {isa = PBXFileReference; fileEncoding = 4; lastKnownFileType = text.plist.xml; path = Entitlements.plist; sourceTree = "<group>"; };
		4379431E1770384600188F99 /* CurrentListController.h */ = {isa = PBXFileReference; fileEncoding = 4; lastKnownFileType = sourcecode.c.h; path = CurrentListController.h; sourceTree = "<group>"; };
		4379431F1770384600188F99 /* CurrentListController.m */ = {isa = PBXFileReference; fileEncoding = 4; lastKnownFileType = sourcecode.c.objc; path = CurrentListController.m; sourceTree = "<group>"; };
		4379432417705E1400188F99 /* SelectTimeController.m */ = {isa = PBXFileReference; fileEncoding = 4; lastKnownFileType = sourcecode.c.objc; path = SelectTimeController.m; sourceTree = "<group>"; };
		4391EF2C17901DAC00581C11 /* TimeCurl.entitlements */ = {isa = PBXFileReference; lastKnownFileType = text.xml; path = TimeCurl.entitlements; sourceTree = "<group>"; };
		43BAFD6D17CF89C700B6A4FC /* SelectDayController.h */ = {isa = PBXFileReference; fileEncoding = 4; lastKnownFileType = sourcecode.c.h; path = SelectDayController.h; sourceTree = "<group>"; };
		43BAFD6E17CF89C700B6A4FC /* SelectDayController.m */ = {isa = PBXFileReference; fileEncoding = 4; lastKnownFileType = sourcecode.c.objc; path = SelectDayController.m; sourceTree = "<group>"; };
		43C6E40E17E1BD7B004A953A /* UITextFieldWithInset.h */ = {isa = PBXFileReference; fileEncoding = 4; lastKnownFileType = sourcecode.c.h; path = UITextFieldWithInset.h; sourceTree = "<group>"; };
		43C6E40F17E1BD7B004A953A /* UITextFieldWithInset.m */ = {isa = PBXFileReference; fileEncoding = 4; lastKnownFileType = sourcecode.c.objc; path = UITextFieldWithInset.m; sourceTree = "<group>"; };
		43DDFE2E17E24F940037F9E0 /* UIUtils.h */ = {isa = PBXFileReference; fileEncoding = 4; lastKnownFileType = sourcecode.c.h; path = UIUtils.h; sourceTree = "<group>"; };
		43DDFE2F17E24F940037F9E0 /* UIUtils.m */ = {isa = PBXFileReference; fileEncoding = 4; lastKnownFileType = sourcecode.c.objc; path = UIUtils.m; sourceTree = "<group>"; };
		43DDFE3117E258A00037F9E0 /* SelectTimeController.h */ = {isa = PBXFileReference; fileEncoding = 4; lastKnownFileType = sourcecode.c.h; path = SelectTimeController.h; sourceTree = "<group>"; };
		43E6026F17821A8500EAA813 /* OverviewController.h */ = {isa = PBXFileReference; fileEncoding = 4; lastKnownFileType = sourcecode.c.h; path = OverviewController.h; sourceTree = "<group>"; };
		43E6027017821A8500EAA813 /* OverviewController.m */ = {isa = PBXFileReference; fileEncoding = 4; lastKnownFileType = sourcecode.c.objc; path = OverviewController.m; sourceTree = "<group>"; };
		43E7042E178DBF5B00CB5AA2 /* CHCSVParser.h */ = {isa = PBXFileReference; fileEncoding = 4; lastKnownFileType = sourcecode.c.h; path = CHCSVParser.h; sourceTree = "<group>"; };
		43E7042F178DBF5B00CB5AA2 /* CHCSVParser.m */ = {isa = PBXFileReference; fileEncoding = 4; lastKnownFileType = sourcecode.c.objc; path = CHCSVParser.m; sourceTree = "<group>"; };
		43E70432178DC2F000CB5AA2 /* MailComposeHandler.h */ = {isa = PBXFileReference; fileEncoding = 4; lastKnownFileType = sourcecode.c.h; path = MailComposeHandler.h; sourceTree = "<group>"; };
		43E70433178DC2F000CB5AA2 /* MailComposeHandler.m */ = {isa = PBXFileReference; fileEncoding = 4; lastKnownFileType = sourcecode.c.objc; path = MailComposeHandler.m; sourceTree = "<group>"; };
		43E70434178DC2F000CB5AA2 /* MailComposeCallbackDelegate.h */ = {isa = PBXFileReference; fileEncoding = 4; lastKnownFileType = sourcecode.c.h; path = MailComposeCallbackDelegate.h; sourceTree = "<group>"; };
		43FECC2017D0823E003179B6 /* UIConstants.h */ = {isa = PBXFileReference; fileEncoding = 4; lastKnownFileType = sourcecode.c.h; path = UIConstants.h; sourceTree = "<group>"; };
		43FECC2117D0823E003179B6 /* UIConstants.m */ = {isa = PBXFileReference; fileEncoding = 4; lastKnownFileType = sourcecode.c.objc; path = UIConstants.m; sourceTree = "<group>"; };
		43FECC2317D08525003179B6 /* QuartzCore.framework */ = {isa = PBXFileReference; lastKnownFileType = wrapper.framework; name = QuartzCore.framework; path = System/Library/Frameworks/QuartzCore.framework; sourceTree = SDKROOT; };
/* End PBXFileReference section */

/* Begin PBXFrameworksBuildPhase section */
		4323D454176EF79500A083AB /* Frameworks */ = {
			isa = PBXFrameworksBuildPhase;
			buildActionMask = 2147483647;
			files = (
				43627720183D5E6E00825199 /* libz.dylib in Frameworks */,
				43FECC2417D08525003179B6 /* QuartzCore.framework in Frameworks */,
				4323D49B176F078400A083AB /* CoreData.framework in Frameworks */,
				4323D45D176EF79500A083AB /* CoreGraphics.framework in Frameworks */,
				4362771C183C122300825199 /* libTestFlight.a in Frameworks */,
				4323D45F176EF79500A083AB /* UIKit.framework in Frameworks */,
				4323D45B176EF79500A083AB /* Foundation.framework in Frameworks */,
			);
			runOnlyForDeploymentPostprocessing = 0;
		};
		4323D478176EF79500A083AB /* Frameworks */ = {
			isa = PBXFrameworksBuildPhase;
			buildActionMask = 2147483647;
			files = (
				4323D47D176EF79500A083AB /* XCTest.framework in Frameworks */,
				4323D47F176EF79500A083AB /* UIKit.framework in Frameworks */,
				4323D47E176EF79500A083AB /* Foundation.framework in Frameworks */,
			);
			runOnlyForDeploymentPostprocessing = 0;
		};
/* End PBXFrameworksBuildPhase section */

/* Begin PBXGroup section */
		431535401770A1B000B5D825 /* view */ = {
			isa = PBXGroup;
			children = (
				431535411770A1D600B5D825 /* GraduationView.h */,
				431535421770A1D600B5D825 /* GraduationView.m */,
				43C6E40E17E1BD7B004A953A /* UITextFieldWithInset.h */,
				43C6E40F17E1BD7B004A953A /* UITextFieldWithInset.m */,
			);
			name = view;
			sourceTree = "<group>";
		};
		431535451770A5E800B5D825 /* misc */ = {
			isa = PBXGroup;
			children = (
				43E70432178DC2F000CB5AA2 /* MailComposeHandler.h */,
				43E70433178DC2F000CB5AA2 /* MailComposeHandler.m */,
				43E70434178DC2F000CB5AA2 /* MailComposeCallbackDelegate.h */,
				431535461770A62800B5D825 /* GeometryConstants.h */,
				431535471773060700B5D825 /* SlotInterval.h */,
				431535481773060700B5D825 /* SlotInterval.m */,
				4315354F17738F5D00B5D825 /* TimeUtils.h */,
				4315355017738F5D00B5D825 /* TimeUtils.m */,
				432B79CF17CFF3CD00041A7D /* DTCustomColoredAccessory.h */,
				432B79D017CFF3CD00041A7D /* DTCustomColoredAccessory.m */,
				43FECC2017D0823E003179B6 /* UIConstants.h */,
				43FECC2117D0823E003179B6 /* UIConstants.m */,
				43DDFE2E17E24F940037F9E0 /* UIUtils.h */,
				43DDFE2F17E24F940037F9E0 /* UIUtils.m */,
			);
			name = misc;
			sourceTree = "<group>";
		};
		431535531773933500B5D825 /* persistence */ = {
			isa = PBXGroup;
			children = (
				431535541773936000B5D825 /* CoreDataWrapper.h */,
				431535551773936000B5D825 /* CoreDataWrapper.m */,
				4326CE11179E7D820053F781 /* StoreChangeDelegate.h */,
			);
			name = persistence;
			sourceTree = "<group>";
		};
		4323D44E176EF79500A083AB = {
			isa = PBXGroup;
			children = (
				4379431C176F706D00188F99 /* Entitlements.plist */,
				4323D460176EF79500A083AB /* TimeWarp */,
				4323D482176EF79500A083AB /* TimeWarpTests */,
				4323D459176EF79500A083AB /* Frameworks */,
				4323D458176EF79500A083AB /* Products */,
			);
			sourceTree = "<group>";
		};
		4323D458176EF79500A083AB /* Products */ = {
			isa = PBXGroup;
			children = (
				4323D457176EF79500A083AB /* TimeCurl.app */,
				4323D47B176EF79500A083AB /* TimeWarpTests.xctest */,
			);
			name = Products;
			sourceTree = "<group>";
		};
		4323D459176EF79500A083AB /* Frameworks */ = {
			isa = PBXGroup;
			children = (
				4362771F183D5E6E00825199 /* libz.dylib */,
				43FECC2317D08525003179B6 /* QuartzCore.framework */,
				4323D49A176F078400A083AB /* CoreData.framework */,
				4323D45A176EF79500A083AB /* Foundation.framework */,
				4323D45C176EF79500A083AB /* CoreGraphics.framework */,
				4323D45E176EF79500A083AB /* UIKit.framework */,
				4323D47C176EF79500A083AB /* XCTest.framework */,
			);
			name = Frameworks;
			sourceTree = "<group>";
		};
		4323D460176EF79500A083AB /* TimeWarp */ = {
			isa = PBXGroup;
			children = (
				43627715183C122300825199 /* TestFlight */,
				43627708183C073A00825199 /* TPKeyboardAvoiding */,
				43395AEA17CF74A900F04CB2 /* TimesSquare */,
				4391EF2C17901DAC00581C11 /* TimeCurl.entitlements */,
				43E7042D178DBF5B00CB5AA2 /* CHCSVParser */,
				431535531773933500B5D825 /* persistence */,
				431535451770A5E800B5D825 /* misc */,
				431535401770A1B000B5D825 /* view */,
				4323D4A9176F0A7300A083AB /* controller */,
				4323D4A8176F0A6300A083AB /* model */,
				4323D469176EF79500A083AB /* AppDelegate.h */,
				4323D46A176EF79500A083AB /* AppDelegate.m */,
				4323D46C176EF79500A083AB /* Main.storyboard */,
				4323D475176EF79500A083AB /* Images.xcassets */,
				4323D461176EF79500A083AB /* Supporting Files */,
			);
			path = TimeWarp;
			sourceTree = "<group>";
		};
		4323D461176EF79500A083AB /* Supporting Files */ = {
			isa = PBXGroup;
			children = (
				4323D462176EF79500A083AB /* TimeWarp-Info.plist */,
				4323D463176EF79500A083AB /* InfoPlist.strings */,
				4323D466176EF79500A083AB /* main.m */,
				4323D468176EF79500A083AB /* TimeWarp-Prefix.pch */,
			);
			name = "Supporting Files";
			sourceTree = "<group>";
		};
		4323D482176EF79500A083AB /* TimeWarpTests */ = {
			isa = PBXGroup;
			children = (
				4323D488176EF79500A083AB /* TimeWarpTests.m */,
				4323D483176EF79500A083AB /* Supporting Files */,
			);
			path = TimeWarpTests;
			sourceTree = "<group>";
		};
		4323D483176EF79500A083AB /* Supporting Files */ = {
			isa = PBXGroup;
			children = (
				4323D484176EF79500A083AB /* TimeWarpTests-Info.plist */,
				4323D485176EF79500A083AB /* InfoPlist.strings */,
			);
			name = "Supporting Files";
			sourceTree = "<group>";
		};
		4323D4A8176F0A6300A083AB /* model */ = {
			isa = PBXGroup;
			children = (
				4345FA40176F3FFA002BBDB0 /* TimeWarp.xcdatamodel */,
				4323D4B2176F0B0100A083AB /* Activity.h */,
				4323D4B3176F0B0100A083AB /* Activity.m */,
				4323D4AE176F0B0100A083AB /* Project.h */,
				4323D4AF176F0B0100A083AB /* Project.m */,
				4323D4AA176F0B0000A083AB /* TimeSlot.h */,
				4323D4AB176F0B0000A083AB /* TimeSlot.m */,
			);
			name = model;
			sourceTree = "<group>";
		};
		4323D4A9176F0A7300A083AB /* controller */ = {
			isa = PBXGroup;
			children = (
				4323D496176F04BE00A083AB /* ProjectListController.h */,
				4323D497176F04BE00A083AB /* ProjectListController.m */,
				4323D4B6176F0E6100A083AB /* AddProjectController.h */,
				4323D4B7176F0E6100A083AB /* AddProjectController.m */,
				4379431E1770384600188F99 /* CurrentListController.h */,
				4379431F1770384600188F99 /* CurrentListController.m */,
				4315354B17735D0100B5D825 /* NewActivityController.h */,
				4315354C17735D0100B5D825 /* NewActivityController.m */,
				43DDFE3117E258A00037F9E0 /* SelectTimeController.h */,
				4379432417705E1400188F99 /* SelectTimeController.m */,
				43E6026F17821A8500EAA813 /* OverviewController.h */,
				43E6027017821A8500EAA813 /* OverviewController.m */,
				43BAFD6D17CF89C700B6A4FC /* SelectDayController.h */,
				43BAFD6E17CF89C700B6A4FC /* SelectDayController.m */,
			);
			name = controller;
			sourceTree = "<group>";
		};
		43395AEA17CF74A900F04CB2 /* TimesSquare */ = {
			isa = PBXGroup;
			children = (
				43395AEB17CF74A900F04CB2 /* TimesSquare-Prefix.pch */,
				43395AEC17CF74A900F04CB2 /* TimesSquare.h */,
				43395AED17CF74A900F04CB2 /* TSQCalendarCell.h */,
				43395AEE17CF74A900F04CB2 /* TSQCalendarCell.m */,
				43395AEF17CF74A900F04CB2 /* TSQCalendarMonthHeaderCell.h */,
				43395AF017CF74A900F04CB2 /* TSQCalendarMonthHeaderCell.m */,
				43395AF117CF74A900F04CB2 /* TSQCalendarRowCell.h */,
				43395AF217CF74A900F04CB2 /* TSQCalendarRowCell.m */,
				43395AF317CF74A900F04CB2 /* TSQCalendarView.h */,
				43395AF417CF74A900F04CB2 /* TSQCalendarView.m */,
			);
			path = TimesSquare;
			sourceTree = "<group>";
		};
		43627708183C073A00825199 /* TPKeyboardAvoiding */ = {
			isa = PBXGroup;
			children = (
				43627709183C073A00825199 /* TPKeyboardAvoidingCollectionView.h */,
				4362770A183C073A00825199 /* TPKeyboardAvoidingCollectionView.m */,
				4362770B183C073A00825199 /* TPKeyboardAvoidingScrollView.h */,
				4362770C183C073A00825199 /* TPKeyboardAvoidingScrollView.m */,
				4362770D183C073A00825199 /* TPKeyboardAvoidingTableView.h */,
				4362770E183C073A00825199 /* TPKeyboardAvoidingTableView.m */,
				4362770F183C073A00825199 /* UIScrollView+TPKeyboardAvoidingAdditions.h */,
				43627710183C073A00825199 /* UIScrollView+TPKeyboardAvoidingAdditions.m */,
			);
			path = TPKeyboardAvoiding;
			sourceTree = "<group>";
		};
		43627715183C122300825199 /* TestFlight */ = {
			isa = PBXGroup;
			children = (
				43627716183C122300825199 /* libTestFlight.a */,
				43627717183C122300825199 /* README.md */,
				43627718183C122300825199 /* release_notes.md */,
				43627719183C122300825199 /* TestFlight+AsyncLogging.h */,
				4362771A183C122300825199 /* TestFlight+ManualSessions.h */,
				4362771B183C122300825199 /* TestFlight.h */,
			);
			path = TestFlight;
			sourceTree = "<group>";
		};
		43E7042D178DBF5B00CB5AA2 /* CHCSVParser */ = {
			isa = PBXGroup;
			children = (
				43E7042E178DBF5B00CB5AA2 /* CHCSVParser.h */,
				43E7042F178DBF5B00CB5AA2 /* CHCSVParser.m */,
			);
			path = CHCSVParser;
			sourceTree = "<group>";
		};
/* End PBXGroup section */

/* Begin PBXNativeTarget section */
		4323D456176EF79500A083AB /* TimeCurl */ = {
			isa = PBXNativeTarget;
			buildConfigurationList = 4323D48C176EF79500A083AB /* Build configuration list for PBXNativeTarget "TimeCurl" */;
			buildPhases = (
				4323D453176EF79500A083AB /* Sources */,
				4323D454176EF79500A083AB /* Frameworks */,
				4323D455176EF79500A083AB /* Resources */,
			);
			buildRules = (
			);
			dependencies = (
			);
			name = TimeCurl;
			productName = TimeWarp;
			productReference = 4323D457176EF79500A083AB /* TimeCurl.app */;
			productType = "com.apple.product-type.application";
		};
		4323D47A176EF79500A083AB /* TimeWarpTests */ = {
			isa = PBXNativeTarget;
			buildConfigurationList = 4323D48F176EF79500A083AB /* Build configuration list for PBXNativeTarget "TimeWarpTests" */;
			buildPhases = (
				4323D477176EF79500A083AB /* Sources */,
				4323D478176EF79500A083AB /* Frameworks */,
				4323D479176EF79500A083AB /* Resources */,
			);
			buildRules = (
			);
			dependencies = (
				4323D481176EF79500A083AB /* PBXTargetDependency */,
			);
			name = TimeWarpTests;
			productName = TimeWarpTests;
			productReference = 4323D47B176EF79500A083AB /* TimeWarpTests.xctest */;
			productType = "com.apple.product-type.bundle.unit-test";
		};
/* End PBXNativeTarget section */

/* Begin PBXProject section */
		4323D44F176EF79500A083AB /* Project object */ = {
			isa = PBXProject;
			attributes = {
				LastUpgradeCheck = 0500;
				ORGANIZATIONNAME = zuehlke;
				TargetAttributes = {
					4323D456176EF79500A083AB = {
						DevelopmentTeam = 33AUWD68J4;
						SystemCapabilities = {
							com.apple.iCloud = {
								enabled = 1;
							};
						};
					};
					4323D47A176EF79500A083AB = {
						TestTargetID = 4323D456176EF79500A083AB;
					};
				};
			};
			buildConfigurationList = 4323D452176EF79500A083AB /* Build configuration list for PBXProject "TimeWarp" */;
			compatibilityVersion = "Xcode 3.2";
			developmentRegion = English;
			hasScannedForEncodings = 0;
			knownRegions = (
				en,
				Base,
			);
			mainGroup = 4323D44E176EF79500A083AB;
			productRefGroup = 4323D458176EF79500A083AB /* Products */;
			projectDirPath = "";
			projectRoot = "";
			targets = (
				4323D456176EF79500A083AB /* TimeCurl */,
				4323D47A176EF79500A083AB /* TimeWarpTests */,
			);
		};
/* End PBXProject section */

/* Begin PBXResourcesBuildPhase section */
		4323D455176EF79500A083AB /* Resources */ = {
			isa = PBXResourcesBuildPhase;
			buildActionMask = 2147483647;
			files = (
				4362771E183C122300825199 /* release_notes.md in Resources */,
				4379431D176F706D00188F99 /* Entitlements.plist in Resources */,
				4323D476176EF79500A083AB /* Images.xcassets in Resources */,
				4362771D183C122300825199 /* README.md in Resources */,
				4323D465176EF79500A083AB /* InfoPlist.strings in Resources */,
				4323D46E176EF79500A083AB /* Main.storyboard in Resources */,
			);
			runOnlyForDeploymentPostprocessing = 0;
		};
		4323D479176EF79500A083AB /* Resources */ = {
			isa = PBXResourcesBuildPhase;
			buildActionMask = 2147483647;
			files = (
				4323D487176EF79500A083AB /* InfoPlist.strings in Resources */,
			);
			runOnlyForDeploymentPostprocessing = 0;
		};
/* End PBXResourcesBuildPhase section */

/* Begin PBXSourcesBuildPhase section */
		4323D453176EF79500A083AB /* Sources */ = {
			isa = PBXSourcesBuildPhase;
			buildActionMask = 2147483647;
			files = (
				4315355117738F5D00B5D825 /* TimeUtils.m in Sources */,
				4323D46B176EF79500A083AB /* AppDelegate.m in Sources */,
				43FECC2217D0823E003179B6 /* UIConstants.m in Sources */,
				4323D498176F04BE00A083AB /* ProjectListController.m in Sources */,
				43E6027117821A8500EAA813 /* OverviewController.m in Sources */,
				432B79D117CFF3CD00041A7D /* DTCustomColoredAccessory.m in Sources */,
				43627711183C073A00825199 /* TPKeyboardAvoidingCollectionView.m in Sources */,
				43395AF617CF74A900F04CB2 /* TSQCalendarMonthHeaderCell.m in Sources */,
				43395AF817CF74A900F04CB2 /* TSQCalendarView.m in Sources */,
				43627712183C073A00825199 /* TPKeyboardAvoidingScrollView.m in Sources */,
				43E70435178DC2F000CB5AA2 /* MailComposeHandler.m in Sources */,
				4323D4B4176F0B0100A083AB /* Activity.m in Sources */,
				4323D4B0176F0B0100A083AB /* Project.m in Sources */,
				43DDFE3017E24F940037F9E0 /* UIUtils.m in Sources */,
				43C6E41017E1BD7B004A953A /* UITextFieldWithInset.m in Sources */,
				43395AF517CF74A900F04CB2 /* TSQCalendarCell.m in Sources */,
				431535561773936000B5D825 /* CoreDataWrapper.m in Sources */,
				43E70430178DBF5B00CB5AA2 /* CHCSVParser.m in Sources */,
				4315354D17735D0100B5D825 /* NewActivityController.m in Sources */,
				437943201770384600188F99 /* CurrentListController.m in Sources */,
				4323D4AC176F0B0000A083AB /* TimeSlot.m in Sources */,
				43627713183C073A00825199 /* TPKeyboardAvoidingTableView.m in Sources */,
				4379432517705E1400188F99 /* SelectTimeController.m in Sources */,
				43395AF717CF74A900F04CB2 /* TSQCalendarRowCell.m in Sources */,
				431535431770A1D600B5D825 /* GraduationView.m in Sources */,
				4345FA41176F3FFA002BBDB0 /* TimeWarp.xcdatamodel in Sources */,
				4323D467176EF79500A083AB /* main.m in Sources */,
				43627714183C073A00825199 /* UIScrollView+TPKeyboardAvoidingAdditions.m in Sources */,
				43BAFD6F17CF89C700B6A4FC /* SelectDayController.m in Sources */,
				431535491773060800B5D825 /* SlotInterval.m in Sources */,
				4345FA3D176F31FE002BBDB0 /* AddProjectController.m in Sources */,
			);
			runOnlyForDeploymentPostprocessing = 0;
		};
		4323D477176EF79500A083AB /* Sources */ = {
			isa = PBXSourcesBuildPhase;
			buildActionMask = 2147483647;
			files = (
				43E70436178DC2F000CB5AA2 /* MailComposeHandler.m in Sources */,
				43E6027217821A8500EAA813 /* OverviewController.m in Sources */,
				4323D4AD176F0B0000A083AB /* TimeSlot.m in Sources */,
				4379432617705E1400188F99 /* SelectTimeController.m in Sources */,
				4323D499176F04BE00A083AB /* ProjectListController.m in Sources */,
				4323D4B1176F0B0100A083AB /* Project.m in Sources */,
				4315354A1773060800B5D825 /* SlotInterval.m in Sources */,
				431535571773936000B5D825 /* CoreDataWrapper.m in Sources */,
				4315354E17735D0100B5D825 /* NewActivityController.m in Sources */,
				431535441770A1D600B5D825 /* GraduationView.m in Sources */,
				4323D4B5176F0B0100A083AB /* Activity.m in Sources */,
				4345FA3E176F31FF002BBDB0 /* AddProjectController.m in Sources */,
				437943211770384600188F99 /* CurrentListController.m in Sources */,
				43E70431178DBF5B00CB5AA2 /* CHCSVParser.m in Sources */,
				4315355217738F5D00B5D825 /* TimeUtils.m in Sources */,
				4323D489176EF79500A083AB /* TimeWarpTests.m in Sources */,
				4345FA42176F3FFA002BBDB0 /* TimeWarp.xcdatamodel in Sources */,
			);
			runOnlyForDeploymentPostprocessing = 0;
		};
/* End PBXSourcesBuildPhase section */

/* Begin PBXTargetDependency section */
		4323D481176EF79500A083AB /* PBXTargetDependency */ = {
			isa = PBXTargetDependency;
			target = 4323D456176EF79500A083AB /* TimeCurl */;
			targetProxy = 4323D480176EF79500A083AB /* PBXContainerItemProxy */;
		};
/* End PBXTargetDependency section */

/* Begin PBXVariantGroup section */
		4323D463176EF79500A083AB /* InfoPlist.strings */ = {
			isa = PBXVariantGroup;
			children = (
				4323D464176EF79500A083AB /* en */,
			);
			name = InfoPlist.strings;
			sourceTree = "<group>";
		};
		4323D46C176EF79500A083AB /* Main.storyboard */ = {
			isa = PBXVariantGroup;
			children = (
				4323D46D176EF79500A083AB /* Base */,
			);
			name = Main.storyboard;
			sourceTree = "<group>";
		};
		4323D485176EF79500A083AB /* InfoPlist.strings */ = {
			isa = PBXVariantGroup;
			children = (
				4323D486176EF79500A083AB /* en */,
			);
			name = InfoPlist.strings;
			sourceTree = "<group>";
		};
/* End PBXVariantGroup section */

/* Begin XCBuildConfiguration section */
		4323D48A176EF79500A083AB /* Debug */ = {
			isa = XCBuildConfiguration;
			buildSettings = {
				ALWAYS_SEARCH_USER_PATHS = NO;
				CLANG_CXX_LANGUAGE_STANDARD = "gnu++0x";
				CLANG_CXX_LIBRARY = "libc++";
				CLANG_ENABLE_MODULES = YES;
				CLANG_ENABLE_OBJC_ARC = YES;
				CLANG_WARN_BOOL_CONVERSION = YES;
				CLANG_WARN_CONSTANT_CONVERSION = YES;
				CLANG_WARN_DIRECT_OBJC_ISA_USAGE = YES_ERROR;
				CLANG_WARN_EMPTY_BODY = YES;
				CLANG_WARN_ENUM_CONVERSION = YES;
				CLANG_WARN_INT_CONVERSION = YES;
				CLANG_WARN_OBJC_ROOT_CLASS = YES_ERROR;
				CLANG_WARN__DUPLICATE_METHOD_MATCH = YES;
				CODE_SIGN_ENTITLEMENTS = "";
				CODE_SIGN_IDENTITY = "";
				"CODE_SIGN_IDENTITY[sdk=iphoneos*]" = "";
				COPY_PHASE_STRIP = NO;
				GCC_C_LANGUAGE_STANDARD = gnu99;
				GCC_DYNAMIC_NO_PIC = NO;
				GCC_OPTIMIZATION_LEVEL = 0;
				GCC_PREPROCESSOR_DEFINITIONS = (
					"DEBUG=1",
					"$(inherited)",
				);
				GCC_SYMBOLS_PRIVATE_EXTERN = NO;
				GCC_WARN_ABOUT_RETURN_TYPE = YES_ERROR;
				GCC_WARN_UNDECLARED_SELECTOR = YES;
				GCC_WARN_UNINITIALIZED_AUTOS = YES;
				GCC_WARN_UNUSED_FUNCTION = YES;
				GCC_WARN_UNUSED_VARIABLE = YES;
				IPHONEOS_DEPLOYMENT_TARGET = 7.0;
				ONLY_ACTIVE_ARCH = YES;
				PROVISIONING_PROFILE = "957516AB-ADB8-453E-B857-333981D985A1";
				SDKROOT = iphoneos;
			};
			name = Debug;
		};
		4323D48B176EF79500A083AB /* Release */ = {
			isa = XCBuildConfiguration;
			buildSettings = {
				ALWAYS_SEARCH_USER_PATHS = NO;
				CLANG_CXX_LANGUAGE_STANDARD = "gnu++0x";
				CLANG_CXX_LIBRARY = "libc++";
				CLANG_ENABLE_MODULES = YES;
				CLANG_ENABLE_OBJC_ARC = YES;
				CLANG_WARN_BOOL_CONVERSION = YES;
				CLANG_WARN_CONSTANT_CONVERSION = YES;
				CLANG_WARN_DIRECT_OBJC_ISA_USAGE = YES_ERROR;
				CLANG_WARN_EMPTY_BODY = YES;
				CLANG_WARN_ENUM_CONVERSION = YES;
				CLANG_WARN_INT_CONVERSION = YES;
				CLANG_WARN_OBJC_ROOT_CLASS = YES_ERROR;
				CLANG_WARN__DUPLICATE_METHOD_MATCH = YES;
				CODE_SIGN_ENTITLEMENTS = "";
				CODE_SIGN_IDENTITY = "";
				"CODE_SIGN_IDENTITY[sdk=iphoneos*]" = "";
				COPY_PHASE_STRIP = YES;
				ENABLE_NS_ASSERTIONS = NO;
				GCC_C_LANGUAGE_STANDARD = gnu99;
				GCC_WARN_ABOUT_RETURN_TYPE = YES_ERROR;
				GCC_WARN_UNDECLARED_SELECTOR = YES;
				GCC_WARN_UNINITIALIZED_AUTOS = YES;
				GCC_WARN_UNUSED_FUNCTION = YES;
				GCC_WARN_UNUSED_VARIABLE = YES;
				IPHONEOS_DEPLOYMENT_TARGET = 7.0;
				PROVISIONING_PROFILE = "957516AB-ADB8-453E-B857-333981D985A1";
				SDKROOT = iphoneos;
				VALIDATE_PRODUCT = YES;
			};
			name = Release;
		};
		4323D48D176EF79500A083AB /* Debug */ = {
			isa = XCBuildConfiguration;
			buildSettings = {
				ASSETCATALOG_COMPILER_APPICON_NAME = AppIcon;
				ASSETCATALOG_COMPILER_LAUNCHIMAGE_NAME = LaunchImage;
				CODE_SIGN_ENTITLEMENTS = TimeWarp/TimeCurl.entitlements;
				CODE_SIGN_IDENTITY = "iPhone Developer";
				"CODE_SIGN_IDENTITY[sdk=iphoneos*]" = "iPhone Developer";
				GCC_PRECOMPILE_PREFIX_HEADER = YES;
				GCC_PREFIX_HEADER = "TimeWarp/TimeWarp-Prefix.pch";
				INFOPLIST_FILE = "TimeWarp/TimeWarp-Info.plist";
				IPHONEOS_DEPLOYMENT_TARGET = 7.0;
				LIBRARY_SEARCH_PATHS = (
					"$(inherited)",
					/Users/pat/Documents/XCode_Projects/iPhone/Zuehlke/TimeWarp/TimeWarp/TestFlight,
				);
				PRODUCT_NAME = "$(TARGET_NAME)";
				PROVISIONING_PROFILE = "";
				WRAPPER_EXTENSION = app;
			};
			name = Debug;
		};
		4323D48E176EF79500A083AB /* Release */ = {
			isa = XCBuildConfiguration;
			buildSettings = {
				ASSETCATALOG_COMPILER_APPICON_NAME = AppIcon;
				ASSETCATALOG_COMPILER_LAUNCHIMAGE_NAME = LaunchImage;
				CODE_SIGN_ENTITLEMENTS = TimeWarp/TimeCurl.entitlements;
				CODE_SIGN_IDENTITY = "iPhone Developer";
				"CODE_SIGN_IDENTITY[sdk=iphoneos*]" = "iPhone Developer";
				GCC_PRECOMPILE_PREFIX_HEADER = YES;
				GCC_PREFIX_HEADER = "TimeWarp/TimeWarp-Prefix.pch";
				INFOPLIST_FILE = "TimeWarp/TimeWarp-Info.plist";
				IPHONEOS_DEPLOYMENT_TARGET = 7.0;
				LIBRARY_SEARCH_PATHS = (
					"$(inherited)",
					/Users/pat/Documents/XCode_Projects/iPhone/Zuehlke/TimeWarp/TimeWarp/TestFlight,
				);
				PRODUCT_NAME = "$(TARGET_NAME)";
				PROVISIONING_PROFILE = "";
				WRAPPER_EXTENSION = app;
			};
			name = Release;
		};
		4323D490176EF79500A083AB /* Debug */ = {
			isa = XCBuildConfiguration;
			buildSettings = {
				BUNDLE_LOADER = "$(BUILT_PRODUCTS_DIR)/TimeWarp.app/TimeWarp";
				FRAMEWORK_SEARCH_PATHS = (
					"$(SDKROOT)/Developer/Library/Frameworks",
					"$(inherited)",
					"$(SYSTEM_APPS_DIR)/Xcode5-DP.app/Contents/Developer/Library/Frameworks",
				);
				GCC_PRECOMPILE_PREFIX_HEADER = YES;
				GCC_PREFIX_HEADER = "TimeWarp/TimeWarp-Prefix.pch";
				GCC_PREPROCESSOR_DEFINITIONS = (
					"DEBUG=1",
					"$(inherited)",
				);
				INFOPLIST_FILE = "TimeWarpTests/TimeWarpTests-Info.plist";
				PRODUCT_NAME = "$(TARGET_NAME)";
				TEST_HOST = "$(BUNDLE_LOADER)";
				WRAPPER_EXTENSION = xctest;
			};
			name = Debug;
		};
		4323D491176EF79500A083AB /* Release */ = {
			isa = XCBuildConfiguration;
			buildSettings = {
				BUNDLE_LOADER = "$(BUILT_PRODUCTS_DIR)/TimeWarp.app/TimeWarp";
				FRAMEWORK_SEARCH_PATHS = (
					"$(SDKROOT)/Developer/Library/Frameworks",
					"$(inherited)",
					"$(SYSTEM_APPS_DIR)/Xcode5-DP.app/Contents/Developer/Library/Frameworks",
				);
				GCC_PRECOMPILE_PREFIX_HEADER = YES;
				GCC_PREFIX_HEADER = "TimeWarp/TimeWarp-Prefix.pch";
				INFOPLIST_FILE = "TimeWarpTests/TimeWarpTests-Info.plist";
				PRODUCT_NAME = "$(TARGET_NAME)";
				TEST_HOST = "$(BUNDLE_LOADER)";
				WRAPPER_EXTENSION = xctest;
			};
			name = Release;
		};
/* End XCBuildConfiguration section */

/* Begin XCConfigurationList section */
		4323D452176EF79500A083AB /* Build configuration list for PBXProject "TimeWarp" */ = {
			isa = XCConfigurationList;
			buildConfigurations = (
				4323D48A176EF79500A083AB /* Debug */,
				4323D48B176EF79500A083AB /* Release */,
			);
			defaultConfigurationIsVisible = 0;
			defaultConfigurationName = Release;
		};
		4323D48C176EF79500A083AB /* Build configuration list for PBXNativeTarget "TimeCurl" */ = {
			isa = XCConfigurationList;
			buildConfigurations = (
				4323D48D176EF79500A083AB /* Debug */,
				4323D48E176EF79500A083AB /* Release */,
			);
			defaultConfigurationIsVisible = 0;
			defaultConfigurationName = Release;
		};
		4323D48F176EF79500A083AB /* Build configuration list for PBXNativeTarget "TimeWarpTests" */ = {
			isa = XCConfigurationList;
			buildConfigurations = (
				4323D490176EF79500A083AB /* Debug */,
				4323D491176EF79500A083AB /* Release */,
			);
			defaultConfigurationIsVisible = 0;
			defaultConfigurationName = Release;
		};
/* End XCConfigurationList section */
	};
	rootObject = 4323D44F176EF79500A083AB /* Project object */;
}
